// !$*UTF8*$!
{
	archiveVersion = 1;
	classes = {
	};
	objectVersion = 46;
	objects = {

/* Begin PBXBuildFile section */
		A8071E8A1BEA1ACA007F7E5F /* AppDelegate.swift in Sources */ = {isa = PBXBuildFile; fileRef = A8071E891BEA1ACA007F7E5F /* AppDelegate.swift */; };
		A8071E8C1BEA1ACA007F7E5F /* ViewController.swift in Sources */ = {isa = PBXBuildFile; fileRef = A8071E8B1BEA1ACA007F7E5F /* ViewController.swift */; };
		A8071E8F1BEA1ACA007F7E5F /* Main.storyboard in Resources */ = {isa = PBXBuildFile; fileRef = A8071E8D1BEA1ACA007F7E5F /* Main.storyboard */; };
		A8071E911BEA1ACA007F7E5F /* Assets.xcassets in Resources */ = {isa = PBXBuildFile; fileRef = A8071E901BEA1ACA007F7E5F /* Assets.xcassets */; };
		A8071E941BEA1ACA007F7E5F /* LaunchScreen.storyboard in Resources */ = {isa = PBXBuildFile; fileRef = A8071E921BEA1ACA007F7E5F /* LaunchScreen.storyboard */; };
/* End PBXBuildFile section */

/* Begin PBXFileReference section */
		A8071E861BEA1ACA007F7E5F /* AnimationLoginSwiftView.app */ = {isa = PBXFileReference; explicitFileType = wrapper.application; includeInIndex = 0; path = AnimationLoginSwiftView.app; sourceTree = BUILT_PRODUCTS_DIR; };
		A8071E891BEA1ACA007F7E5F /* AppDelegate.swift */ = {isa = PBXFileReference; lastKnownFileType = sourcecode.swift; path = AppDelegate.swift; sourceTree = "<group>"; };
		A8071E8B1BEA1ACA007F7E5F /* ViewController.swift */ = {isa = PBXFileReference; lastKnownFileType = sourcecode.swift; path = ViewController.swift; sourceTree = "<group>"; };
		A8071E8E1BEA1ACA007F7E5F /* Base */ = {isa = PBXFileReference; lastKnownFileType = file.storyboard; name = Base; path = Base.lproj/Main.storyboard; sourceTree = "<group>"; };
		A8071E901BEA1ACA007F7E5F /* Assets.xcassets */ = {isa = PBXFileReference; lastKnownFileType = folder.assetcatalog; path = Assets.xcassets; sourceTree = "<group>"; };
		A8071E931BEA1ACA007F7E5F /* Base */ = {isa = PBXFileReference; lastKnownFileType = file.storyboard; name = Base; path = Base.lproj/LaunchScreen.storyboard; sourceTree = "<group>"; };
		A8071E951BEA1ACA007F7E5F /* Info.plist */ = {isa = PBXFileReference; lastKnownFileType = text.plist.xml; path = Info.plist; sourceTree = "<group>"; };
/* End PBXFileReference section */

/* Begin PBXFrameworksBuildPhase section */
		A8071E831BEA1ACA007F7E5F /* Frameworks */ = {
			isa = PBXFrameworksBuildPhase;
			buildActionMask = 2147483647;
			files = (
			);
			runOnlyForDeploymentPostprocessing = 0;
		};
/* End PBXFrameworksBuildPhase section */

/* Begin PBXGroup section */
		A8071E7D1BEA1ACA007F7E5F = {
			isa = PBXGroup;
			children = (
				A8071E881BEA1ACA007F7E5F /* AnimationLoginSwiftView */,
				A8071E871BEA1ACA007F7E5F /* Products */,
			);
			sourceTree = "<group>";
		};
		A8071E871BEA1ACA007F7E5F /* Products */ = {
			isa = PBXGroup;
			children = (
				A8071E861BEA1ACA007F7E5F /* AnimationLoginSwiftView.app */,
			);
			name = Products;
			sourceTree = "<group>";
		};
		A8071E881BEA1ACA007F7E5F /* AnimationLoginSwiftView */ = {
			isa = PBXGroup;
			children = (
				A8071E891BEA1ACA007F7E5F /* AppDelegate.swift */,
				A8071E8B1BEA1ACA007F7E5F /* ViewController.swift */,
				A8071E8D1BEA1ACA007F7E5F /* Main.storyboard */,
				A8071E901BEA1ACA007F7E5F /* Assets.xcassets */,
				A8071E921BEA1ACA007F7E5F /* LaunchScreen.storyboard */,
				A8071E951BEA1ACA007F7E5F /* Info.plist */,
			);
			path = AnimationLoginSwiftView;
			sourceTree = "<group>";
		};
/* End PBXGroup section */

/* Begin PBXNativeTarget section */
		A8071E851BEA1ACA007F7E5F /* AnimationLoginSwiftView */ = {
			isa = PBXNativeTarget;
			buildConfigurationList = A8071E981BEA1ACA007F7E5F /* Build configuration list for PBXNativeTarget "AnimationLoginSwiftView" */;
			buildPhases = (
				A8071E821BEA1ACA007F7E5F /* Sources */,
				A8071E831BEA1ACA007F7E5F /* Frameworks */,
				A8071E841BEA1ACA007F7E5F /* Resources */,
			);
			buildRules = (
			);
			dependencies = (
			);
			name = AnimationLoginSwiftView;
			productName = AnimationLoginSwiftView;
			productReference = A8071E861BEA1ACA007F7E5F /* AnimationLoginSwiftView.app */;
			productType = "com.apple.product-type.application";
		};
/* End PBXNativeTarget section */

/* Begin PBXProject section */
		A8071E7E1BEA1ACA007F7E5F /* Project object */ = {
			isa = PBXProject;
			attributes = {
				LastSwiftUpdateCheck = 0710;
				LastUpgradeCheck = 0710;
				ORGANIZATIONNAME = LianYU;
				TargetAttributes = {
					A8071E851BEA1ACA007F7E5F = {
						CreatedOnToolsVersion = 7.1;
						DevelopmentTeam = A49R3AVXDK;
					};
				};
			};
			buildConfigurationList = A8071E811BEA1ACA007F7E5F /* Build configuration list for PBXProject "AnimationLoginSwiftView" */;
			compatibilityVersion = "Xcode 3.2";
			developmentRegion = English;
			hasScannedForEncodings = 0;
			knownRegions = (
				en,
				Base,
			);
			mainGroup = A8071E7D1BEA1ACA007F7E5F;
			productRefGroup = A8071E871BEA1ACA007F7E5F /* Products */;
			projectDirPath = "";
			projectRoot = "";
			targets = (
				A8071E851BEA1ACA007F7E5F /* AnimationLoginSwiftView */,
			);
		};
/* End PBXProject section */

/* Begin PBXResourcesBuildPhase section */
		A8071E841BEA1ACA007F7E5F /* Resources */ = {
			isa = PBXResourcesBuildPhase;
			buildActionMask = 2147483647;
			files = (
				A8071E941BEA1ACA007F7E5F /* LaunchScreen.storyboard in Resources */,
				A8071E911BEA1ACA007F7E5F /* Assets.xcassets in Resources */,
				A8071E8F1BEA1ACA007F7E5F /* Main.storyboard in Resources */,
			);
			runOnlyForDeploymentPostprocessing = 0;
		};
/* End PBXResourcesBuildPhase section */

/* Begin PBXSourcesBuildPhase section */
		A8071E821BEA1ACA007F7E5F /* Sources */ = {
			isa = PBXSourcesBuildPhase;
			buildActionMask = 2147483647;
			files = (
				A8071E8C1BEA1ACA007F7E5F /* ViewController.swift in Sources */,
				A8071E8A1BEA1ACA007F7E5F /* AppDelegate.swift in Sources */,
			);
			runOnlyForDeploymentPostprocessing = 0;
		};
/* End PBXSourcesBuildPhase section */

/* Begin PBXVariantGroup section */
		A8071E8D1BEA1ACA007F7E5F /* Main.storyboard */ = {
			isa = PBXVariantGroup;
			children = (
				A8071E8E1BEA1ACA007F7E5F /* Base */,
			);
			name = Main.storyboard;
			sourceTree = "<group>";
		};
		A8071E921BEA1ACA007F7E5F /* LaunchScreen.storyboard */ = {
			isa = PBXVariantGroup;
			children = (
				A8071E931BEA1ACA007F7E5F /* Base */,
			);
			name = LaunchScreen.storyboard;
			sourceTree = "<group>";
		};
/* End PBXVariantGroup section */

/* Begin XCBuildConfiguration section */
		A8071E961BEA1ACA007F7E5F /* Debug */ = {
			isa = XCBuildConfiguration;
			buildSettings = {
				ALWAYS_SEARCH_USER_PATHS = NO;
				CLANG_CXX_LANGUAGE_STANDARD = "gnu++0x";
				CLANG_CXX_LIBRARY = "libc++";
				CLANG_ENABLE_MODULES = YES;
				CLANG_ENABLE_OBJC_ARC = YES;
				CLANG_WARN_BOOL_CONVERSION = YES;
				CLANG_WARN_CONSTANT_CONVERSION = YES;
				CLANG_WARN_DIRECT_OBJC_ISA_USAGE = YES_ERROR;
				CLANG_WARN_EMPTY_BODY = YES;
				CLANG_WARN_ENUM_CONVERSION = YES;
				CLANG_WARN_INT_CONVERSION = YES;
				CLANG_WARN_OBJC_ROOT_CLASS = YES_ERROR;
				CLANG_WARN_UNREACHABLE_CODE = YES;
				CLANG_WARN__DUPLICATE_METHOD_MATCH = YES;
				"CODE_SIGN_IDENTITY[sdk=iphoneos*]" = "iPhone Developer";
				COPY_PHASE_STRIP = NO;
				DEBUG_INFORMATION_FORMAT = dwarf;
				ENABLE_STRICT_OBJC_MSGSEND = YES;
				ENABLE_TESTABILITY = YES;
				GCC_C_LANGUAGE_STANDARD = gnu99;
				GCC_DYNAMIC_NO_PIC = NO;
				GCC_NO_COMMON_BLOCKS = YES;
				GCC_OPTIMIZATION_LEVEL = 0;
				GCC_PREPROCESSOR_DEFINITIONS = (
					"DEBUG=1",
					"$(inherited)",
				);
				GCC_WARN_64_TO_32_BIT_CONVERSION = YES;
				GCC_WARN_ABOUT_RETURN_TYPE = YES_ERROR;
				GCC_WARN_UNDECLARED_SELECTOR = YES;
				GCC_WARN_UNINITIALIZED_AUTOS = YES_AGGRESSIVE;
				GCC_WARN_UNUSED_FUNCTION = YES;
				GCC_WARN_UNUSED_VARIABLE = YES;
				IPHONEOS_DEPLOYMENT_TARGET = 9.1;
				MTL_ENABLE_DEBUG_INFO = YES;
				ONLY_ACTIVE_ARCH = YES;
				SDKROOT = iphoneos;
				SWIFT_OPTIMIZATION_LEVEL = "-Onone";
			};
			name = Debug;
		};
		A8071E971BEA1ACA007F7E5F /* Release */ = {
			isa = XCBuildConfiguration;
			buildSettings = {
				ALWAYS_SEARCH_USER_PATHS = NO;
				CLANG_CXX_LANGUAGE_STANDARD = "gnu++0x";
				CLANG_CXX_LIBRARY = "libc++";
				CLANG_ENABLE_MODULES = YES;
				CLANG_ENABLE_OBJC_ARC = YES;
				CLANG_WARN_BOOL_CONVERSION = YES;
				CLANG_WARN_CONSTANT_CONVERSION = YES;
				CLANG_WARN_DIRECT_OBJC_ISA_USAGE = YES_ERROR;
				CLANG_WARN_EMPTY_BODY = YES;
				CLANG_WARN_ENUM_CONVERSION = YES;
				CLANG_WARN_INT_CONVERSION = YES;
				CLANG_WARN_OBJC_ROOT_CLASS = YES_ERROR;
				CLANG_WARN_UNREACHABLE_CODE = YES;
				CLANG_WARN__DUPLICATE_METHOD_MATCH = YES;
				"CODE_SIGN_IDENTITY[sdk=iphoneos*]" = "iPhone Developer";
				COPY_PHASE_STRIP = NO;
				DEBUG_INFORMATION_FORMAT = "dwarf-with-dsym";
				ENABLE_NS_ASSERTIONS = NO;
				ENABLE_STRICT_OBJC_MSGSEND = YES;
				GCC_C_LANGUAGE_STANDARD = gnu99;
				GCC_NO_COMMON_BLOCKS = YES;
				GCC_WARN_64_TO_32_BIT_CONVERSION = YES;
				GCC_WARN_ABOUT_RETURN_TYPE = YES_ERROR;
				GCC_WARN_UNDECLARED_SELECTOR = YES;
				GCC_WARN_UNINITIALIZED_AUTOS = YES_AGGRESSIVE;
				GCC_WARN_UNUSED_FUNCTION = YES;
				GCC_WARN_UNUSED_VARIABLE = YES;
				IPHONEOS_DEPLOYMENT_TARGET = 9.1;
				MTL_ENABLE_DEBUG_INFO = NO;
				SDKROOT = iphoneos;
				VALIDATE_PRODUCT = YES;
			};
			name = Release;
		};
		A8071E991BEA1ACA007F7E5F /* Debug */ = {
			isa = XCBuildConfiguration;
			buildSettings = {
				ASSETCATALOG_COMPILER_APPICON_NAME = AppIcon;
				CODE_SIGN_IDENTITY = "iPhone Developer";
				INFOPLIST_FILE = AnimationLoginSwiftView/Info.plist;
				LD_RUNPATH_SEARCH_PATHS = "$(inherited) @executable_path/Frameworks";
				PRODUCT_BUNDLE_IDENTIFIER = com.lianyu.AnimationLoginSwiftView;
				PRODUCT_NAME = "$(TARGET_NAME)";
			};
			name = Debug;
		};
		A8071E9A1BEA1ACA007F7E5F /* Release */ = {
			isa = XCBuildConfiguration;
			buildSettings = {
				ASSETCATALOG_COMPILER_APPICON_NAME = AppIcon;
				CODE_SIGN_IDENTITY = "iPhone Developer";
				INFOPLIST_FILE = AnimationLoginSwiftView/Info.plist;
				LD_RUNPATH_SEARCH_PATHS = "$(inherited) @executable_path/Frameworks";
				PRODUCT_BUNDLE_IDENTIFIER = com.lianyu.AnimationLoginSwiftView;
				PRODUCT_NAME = "$(TARGET_NAME)";
			};
			name = Release;
		};
/* End XCBuildConfiguration section */

/* Begin XCConfigurationList section */
		A8071E811BEA1ACA007F7E5F /* Build configuration list for PBXProject "AnimationLoginSwiftView" */ = {
			isa = XCConfigurationList;
			buildConfigurations = (
				A8071E961BEA1ACA007F7E5F /* Debug */,
				A8071E971BEA1ACA007F7E5F /* Release */,
			);
			defaultConfigurationIsVisible = 0;
			defaultConfigurationName = Release;
		};
		A8071E981BEA1ACA007F7E5F /* Build configuration list for PBXNativeTarget "AnimationLoginSwiftView" */ = {
			isa = XCConfigurationList;
			buildConfigurations = (
				A8071E991BEA1ACA007F7E5F /* Debug */,
				A8071E9A1BEA1ACA007F7E5F /* Release */,
			);
			defaultConfigurationIsVisible = 0;
		};
/* End XCConfigurationList section */
	};
	rootObject = A8071E7E1BEA1ACA007F7E5F /* Project object */;
}
